
Microsoft Visual Studio Solution File, Format Version 12.00
# Visual Studio Version 16
VisualStudioVersion = 16.0.29424.173
MinimumVisualStudioVersion = 10.0.40219.1
Project("{FAE04EC0-301F-11D3-BF4B-00C04F79EFBC}") = "App02_TipoPaginaXF.UWP", "App02_TipoPaginaXF\App02_TipoPaginaXF.UWP\App02_TipoPaginaXF.UWP.csproj", "{26B28132-B820-45F8-8803-29CABB729625}"
EndProject
Project("{FAE04EC0-301F-11D3-BF4B-00C04F79EFBC}") = "App02_TipoPaginaXF.Android", "App02_TipoPaginaXF\App02_TipoPaginaXF.Android\App02_TipoPaginaXF.Android.csproj", "{2AACE642-6966-43BB-9EA0-0863B0BD3AFE}"
EndProject
Project("{FAE04EC0-301F-11D3-BF4B-00C04F79EFBC}") = "App02_TipoPaginaXF.iOS", "App02_TipoPaginaXF\App02_TipoPaginaXF.iOS\App02_TipoPaginaXF.iOS.csproj", "{4D321FB0-C5B2-4F34-B8D7-2DEB3C64A630}"
EndProject
Project("{FAE04EC0-301F-11D3-BF4B-00C04F79EFBC}") = "App02_TipoPaginaXF", "App02_TipoPaginaXF\App02_TipoPaginaXF\App02_TipoPaginaXF.csproj", "{5E9C9117-94F0-4A9C-8B51-B937049D8695}"
EndProject
Global
	GlobalSection(SolutionConfigurationPlatforms) = preSolution
		Debug|Any CPU = Debug|Any CPU
		Debug|ARM = Debug|ARM
		Debug|iPhone = Debug|iPhone
		Debug|iPhoneSimulator = Debug|iPhoneSimulator
		Debug|x64 = Debug|x64
		Debug|x86 = Debug|x86
		Release|Any CPU = Release|Any CPU
		Release|ARM = Release|ARM
		Release|iPhone = Release|iPhone
		Release|iPhoneSimulator = Release|iPhoneSimulator
		Release|x64 = Release|x64
		Release|x86 = Release|x86
	EndGlobalSection
	GlobalSection(ProjectConfigurationPlatforms) = postSolution
		{26B28132-B820-45F8-8803-29CABB729625}.Debug|Any CPU.ActiveCfg = Debug|x86
		{26B28132-B820-45F8-8803-29CABB729625}.Debug|Any CPU.Build.0 = Debug|x86
		{26B28132-B820-45F8-8803-29CABB729625}.Debug|Any CPU.Deploy.0 = Debug|x86
		{26B28132-B820-45F8-8803-29CABB729625}.Debug|ARM.ActiveCfg = Debug|ARM
		{26B28132-B820-45F8-8803-29CABB729625}.Debug|ARM.Build.0 = Debug|ARM
		{26B28132-B820-45F8-8803-29CABB729625}.Debug|ARM.Deploy.0 = Debug|ARM
		{26B28132-B820-45F8-8803-29CABB729625}.Debug|iPhone.ActiveCfg = Debug|x86
		{26B28132-B820-45F8-8803-29CABB729625}.Debug|iPhone.Build.0 = Debug|x86
		{26B28132-B820-45F8-8803-29CABB729625}.Debug|iPhone.Deploy.0 = Debug|x86
		{26B28132-B820-45F8-8803-29CABB729625}.Debug|iPhoneSimulator.ActiveCfg = Debug|x86
		{26B28132-B820-45F8-8803-29CABB729625}.Debug|iPhoneSimulator.Build.0 = Debug|x86
		{26B28132-B820-45F8-8803-29CABB729625}.Debug|iPhoneSimulator.Deploy.0 = Debug|x86
		{26B28132-B820-45F8-8803-29CABB729625}.Debug|x64.ActiveCfg = Debug|x64
		{26B28132-B820-45F8-8803-29CABB729625}.Debug|x64.Build.0 = Debug|x64
		{26B28132-B820-45F8-8803-29CABB729625}.Debug|x64.Deploy.0 = Debug|x64
		{26B28132-B820-45F8-8803-29CABB729625}.Debug|x86.ActiveCfg = Debug|x86
		{26B28132-B820-45F8-8803-29CABB729625}.Debug|x86.Build.0 = Debug|x86
		{26B28132-B820-45F8-8803-29CABB729625}.Debug|x86.Deploy.0 = Debug|x86
		{26B28132-B820-45F8-8803-29CABB729625}.Release|Any CPU.ActiveCfg = Release|x86
		{26B28132-B820-45F8-8803-29CABB729625}.Release|Any CPU.Build.0 = Release|x86
		{26B28132-B820-45F8-8803-29CABB729625}.Release|Any CPU.Deploy.0 = Release|x86
		{26B28132-B820-45F8-8803-29CABB729625}.Release|ARM.ActiveCfg = Release|ARM
		{26B28132-B820-45F8-8803-29CABB729625}.Release|ARM.Build.0 = Release|ARM
		{26B28132-B820-45F8-8803-29CABB729625}.Release|ARM.Deploy.0 = Release|ARM
		{26B28132-B820-45F8-8803-29CABB729625}.Release|iPhone.ActiveCfg = Release|x86
		{26B28132-B820-45F8-8803-29CABB729625}.Release|iPhone.Build.0 = Release|x86
		{26B28132-B820-45F8-8803-29CABB729625}.Release|iPhone.Deploy.0 = Release|x86
		{26B28132-B820-45F8-8803-29CABB729625}.Release|iPhoneSimulator.ActiveCfg = Release|x86
		{26B28132-B820-45F8-8803-29CABB729625}.Release|iPhoneSimulator.Build.0 = Release|x86
		{26B28132-B820-45F8-8803-29CABB729625}.Release|iPhoneSimulator.Deploy.0 = Release|x86
		{26B28132-B820-45F8-8803-29CABB729625}.Release|x64.ActiveCfg = Release|x64
		{26B28132-B820-45F8-8803-29CABB729625}.Release|x64.Build.0 = Release|x64
		{26B28132-B820-45F8-8803-29CABB729625}.Release|x64.Deploy.0 = Release|x64
		{26B28132-B820-45F8-8803-29CABB729625}.Release|x86.ActiveCfg = Release|x86
		{26B28132-B820-45F8-8803-29CABB729625}.Release|x86.Build.0 = Release|x86
		{26B28132-B820-45F8-8803-29CABB729625}.Release|x86.Deploy.0 = Release|x86
		{2AACE642-6966-43BB-9EA0-0863B0BD3AFE}.Debug|Any CPU.ActiveCfg = Debug|Any CPU
		{2AACE642-6966-43BB-9EA0-0863B0BD3AFE}.Debug|Any CPU.Build.0 = Debug|Any CPU
		{2AACE642-6966-43BB-9EA0-0863B0BD3AFE}.Debug|Any CPU.Deploy.0 = Debug|Any CPU
		{2AACE642-6966-43BB-9EA0-0863B0BD3AFE}.Debug|ARM.ActiveCfg = Debug|Any CPU
		{2AACE642-6966-43BB-9EA0-0863B0BD3AFE}.Debug|ARM.Build.0 = Debug|Any CPU
		{2AACE642-6966-43BB-9EA0-0863B0BD3AFE}.Debug|ARM.Deploy.0 = Debug|Any CPU
		{2AACE642-6966-43BB-9EA0-0863B0BD3AFE}.Debug|iPhone.ActiveCfg = Debug|Any CPU
		{2AACE642-6966-43BB-9EA0-0863B0BD3AFE}.Debug|iPhone.Build.0 = Debug|Any CPU
		{2AACE642-6966-43BB-9EA0-0863B0BD3AFE}.Debug|iPhone.Deploy.0 = Debug|Any CPU
		{2AACE642-6966-43BB-9EA0-0863B0BD3AFE}.Debug|iPhoneSimulator.ActiveCfg = Debug|Any CPU
		{2AACE642-6966-43BB-9EA0-0863B0BD3AFE}.Debug|iPhoneSimulator.Build.0 = Debug|Any CPU
		{2AACE642-6966-43BB-9EA0-0863B0BD3AFE}.Debug|iPhoneSimulator.Deploy.0 = Debug|Any CPU
		{2AACE642-6966-43BB-9EA0-0863B0BD3AFE}.Debug|x64.ActiveCfg = Debug|Any CPU
		{2AACE642-6966-43BB-9EA0-0863B0BD3AFE}.Debug|x64.Build.0 = Debug|Any CPU
		{2AACE642-6966-43BB-9EA0-0863B0BD3AFE}.Debug|x64.Deploy.0 = Debug|Any CPU
		{2AACE642-6966-43BB-9EA0-0863B0BD3AFE}.Debug|x86.ActiveCfg = Debug|Any CPU
		{2AACE642-6966-43BB-9EA0-0863B0BD3AFE}.Debug|x86.Build.0 = Debug|Any CPU
		{2AACE642-6966-43BB-9EA0-0863B0BD3AFE}.Debug|x86.Deploy.0 = Debug|Any CPU
		{2AACE642-6966-43BB-9EA0-0863B0BD3AFE}.Release|Any CPU.ActiveCfg = Release|Any CPU
		{2AACE642-6966-43BB-9EA0-0863B0BD3AFE}.Release|Any CPU.Build.0 = Release|Any CPU
		{2AACE642-6966-43BB-9EA0-0863B0BD3AFE}.Release|Any CPU.Deploy.0 = Release|Any CPU
		{2AACE642-6966-43BB-9EA0-0863B0BD3AFE}.Release|ARM.ActiveCfg = Release|Any CPU
		{2AACE642-6966-43BB-9EA0-0863B0BD3AFE}.Release|ARM.Build.0 = Release|Any CPU
		{2AACE642-6966-43BB-9EA0-0863B0BD3AFE}.Release|ARM.Deploy.0 = Release|Any CPU
		{2AACE642-6966-43BB-9EA0-0863B0BD3AFE}.Release|iPhone.ActiveCfg = Release|Any CPU
		{2AACE642-6966-43BB-9EA0-0863B0BD3AFE}.Release|iPhone.Build.0 = Release|Any CPU
		{2AACE642-6966-43BB-9EA0-0863B0BD3AFE}.Release|iPhone.Deploy.0 = Release|Any CPU
		{2AACE642-6966-43BB-9EA0-0863B0BD3AFE}.Release|iPhoneSimulator.ActiveCfg = Release|Any CPU
		{2AACE642-6966-43BB-9EA0-0863B0BD3AFE}.Release|iPhoneSimulator.Build.0 = Release|Any CPU
		{2AACE642-6966-43BB-9EA0-0863B0BD3AFE}.Release|iPhoneSimulator.Deploy.0 = Release|Any CPU
		{2AACE642-6966-43BB-9EA0-0863B0BD3AFE}.Release|x64.ActiveCfg = Release|Any CPU
		{2AACE642-6966-43BB-9EA0-0863B0BD3AFE}.Release|x64.Build.0 = Release|Any CPU
		{2AACE642-6966-43BB-9EA0-0863B0BD3AFE}.Release|x64.Deploy.0 = Release|Any CPU
		{2AACE642-6966-43BB-9EA0-0863B0BD3AFE}.Release|x86.ActiveCfg = Release|Any CPU
		{2AACE642-6966-43BB-9EA0-0863B0BD3AFE}.Release|x86.Build.0 = Release|Any CPU
		{2AACE642-6966-43BB-9EA0-0863B0BD3AFE}.Release|x86.Deploy.0 = Release|Any CPU
		{4D321FB0-C5B2-4F34-B8D7-2DEB3C64A630}.Debug|Any CPU.ActiveCfg = Debug|iPhone
		{4D321FB0-C5B2-4F34-B8D7-2DEB3C64A630}.Debug|Any CPU.Build.0 = Debug|iPhone
		{4D321FB0-C5B2-4F34-B8D7-2DEB3C64A630}.Debug|Any CPU.Deploy.0 = Debug|iPhone
		{4D321FB0-C5B2-4F34-B8D7-2DEB3C64A630}.Debug|ARM.ActiveCfg = Debug|iPhoneSimulator
		{4D321FB0-C5B2-4F34-B8D7-2DEB3C64A630}.Debug|ARM.Build.0 = Debug|iPhoneSimulator
		{4D321FB0-C5B2-4F34-B8D7-2DEB3C64A630}.Debug|ARM.Deploy.0 = Debug|iPhoneSimulator
		{4D321FB0-C5B2-4F34-B8D7-2DEB3C64A630}.Debug|iPhone.ActiveCfg = Debug|iPhone
		{4D321FB0-C5B2-4F34-B8D7-2DEB3C64A630}.Debug|iPhone.Build.0 = Debug|iPhone
		{4D321FB0-C5B2-4F34-B8D7-2DEB3C64A630}.Debug|iPhone.Deploy.0 = Debug|iPhone
		{4D321FB0-C5B2-4F34-B8D7-2DEB3C64A630}.Debug|iPhoneSimulator.ActiveCfg = Debug|iPhoneSimulator
		{4D321FB0-C5B2-4F34-B8D7-2DEB3C64A630}.Debug|iPhoneSimulator.Build.0 = Debug|iPhoneSimulator
		{4D321FB0-C5B2-4F34-B8D7-2DEB3C64A630}.Debug|iPhoneSimulator.Deploy.0 = Debug|iPhoneSimulator
		{4D321FB0-C5B2-4F34-B8D7-2DEB3C64A630}.Debug|x64.ActiveCfg = Debug|iPhone
		{4D321FB0-C5B2-4F34-B8D7-2DEB3C64A630}.Debug|x64.Build.0 = Debug|iPhone
		{4D321FB0-C5B2-4F34-B8D7-2DEB3C64A630}.Debug|x64.Deploy.0 = Debug|iPhone
		{4D321FB0-C5B2-4F34-B8D7-2DEB3C64A630}.Debug|x86.ActiveCfg = Debug|iPhone
		{4D321FB0-C5B2-4F34-B8D7-2DEB3C64A630}.Debug|x86.Build.0 = Debug|iPhone
		{4D321FB0-C5B2-4F34-B8D7-2DEB3C64A630}.Debug|x86.Deploy.0 = Debug|iPhone
		{4D321FB0-C5B2-4F34-B8D7-2DEB3C64A630}.Release|Any CPU.ActiveCfg = Release|iPhone
		{4D321FB0-C5B2-4F34-B8D7-2DEB3C64A630}.Release|Any CPU.Build.0 = Release|iPhone
		{4D321FB0-C5B2-4F34-B8D7-2DEB3C64A630}.Release|Any CPU.Deploy.0 = Release|iPhone
		{4D321FB0-C5B2-4F34-B8D7-2DEB3C64A630}.Release|ARM.ActiveCfg = Release|iPhone
		{4D321FB0-C5B2-4F34-B8D7-2DEB3C64A630}.Release|ARM.Build.0 = Release|iPhone
		{4D321FB0-C5B2-4F34-B8D7-2DEB3C64A630}.Release|ARM.Deploy.0 = Release|iPhone
		{4D321FB0-C5B2-4F34-B8D7-2DEB3C64A630}.Release|iPhone.ActiveCfg = Release|iPhone
		{4D321FB0-C5B2-4F34-B8D7-2DEB3C64A630}.Release|iPhone.Build.0 = Release|iPhone
		{4D321FB0-C5B2-4F34-B8D7-2DEB3C64A630}.Release|iPhone.Deploy.0 = Release|iPhone
		{4D321FB0-C5B2-4F34-B8D7-2DEB3C64A630}.Release|iPhoneSimulator.ActiveCfg = Release|iPhoneSimulator
		{4D321FB0-C5B2-4F34-B8D7-2DEB3C64A630}.Release|iPhoneSimulator.Build.0 = Release|iPhoneSimulator
		{4D321FB0-C5B2-4F34-B8D7-2DEB3C64A630}.Release|iPhoneSimulator.Deploy.0 = Release|iPhoneSimulator
		{4D321FB0-C5B2-4F34-B8D7-2DEB3C64A630}.Release|x64.ActiveCfg = Release|iPhone
		{4D321FB0-C5B2-4F34-B8D7-2DEB3C64A630}.Release|x64.Build.0 = Release|iPhone
		{4D321FB0-C5B2-4F34-B8D7-2DEB3C64A630}.Release|x64.Deploy.0 = Release|iPhone
		{4D321FB0-C5B2-4F34-B8D7-2DEB3C64A630}.Release|x86.ActiveCfg = Release|iPhone
		{4D321FB0-C5B2-4F34-B8D7-2DEB3C64A630}.Release|x86.Build.0 = Release|iPhone
		{4D321FB0-C5B2-4F34-B8D7-2DEB3C64A630}.Release|x86.Deploy.0 = Release|iPhone
		{5E9C9117-94F0-4A9C-8B51-B937049D8695}.Debug|Any CPU.ActiveCfg = Debug|Any CPU
		{5E9C9117-94F0-4A9C-8B51-B937049D8695}.Debug|Any CPU.Build.0 = Debug|Any CPU
		{5E9C9117-94F0-4A9C-8B51-B937049D8695}.Debug|Any CPU.Deploy.0 = Debug|Any CPU
		{5E9C9117-94F0-4A9C-8B51-B937049D8695}.Debug|ARM.ActiveCfg = Debug|Any CPU
		{5E9C9117-94F0-4A9C-8B51-B937049D8695}.Debug|ARM.Build.0 = Debug|Any CPU
		{5E9C9117-94F0-4A9C-8B51-B937049D8695}.Debug|ARM.Deploy.0 = Debug|Any CPU
		{5E9C9117-94F0-4A9C-8B51-B937049D8695}.Debug|iPhone.ActiveCfg = Debug|Any CPU
		{5E9C9117-94F0-4A9C-8B51-B937049D8695}.Debug|iPhone.Build.0 = Debug|Any CPU
		{5E9C9117-94F0-4A9C-8B51-B937049D8695}.Debug|iPhone.Deploy.0 = Debug|Any CPU
		{5E9C9117-94F0-4A9C-8B51-B937049D8695}.Debug|iPhoneSimulator.ActiveCfg = Debug|Any CPU
		{5E9C9117-94F0-4A9C-8B51-B937049D8695}.Debug|iPhoneSimulator.Build.0 = Debug|Any CPU
		{5E9C9117-94F0-4A9C-8B51-B937049D8695}.Debug|iPhoneSimulator.Deploy.0 = Debug|Any CPU
		{5E9C9117-94F0-4A9C-8B51-B937049D8695}.Debug|x64.ActiveCfg = Debug|Any CPU
		{5E9C9117-94F0-4A9C-8B51-B937049D8695}.Debug|x64.Build.0 = Debug|Any CPU
		{5E9C9117-94F0-4A9C-8B51-B937049D8695}.Debug|x64.Deploy.0 = Debug|Any CPU
		{5E9C9117-94F0-4A9C-8B51-B937049D8695}.Debug|x86.ActiveCfg = Debug|Any CPU
		{5E9C9117-94F0-4A9C-8B51-B937049D8695}.Debug|x86.Build.0 = Debug|Any CPU
		{5E9C9117-94F0-4A9C-8B51-B937049D8695}.Debug|x86.Deploy.0 = Debug|Any CPU
		{5E9C9117-94F0-4A9C-8B51-B937049D8695}.Release|Any CPU.ActiveCfg = Release|Any CPU
		{5E9C9117-94F0-4A9C-8B51-B937049D8695}.Release|Any CPU.Build.0 = Release|Any CPU
		{5E9C9117-94F0-4A9C-8B51-B937049D8695}.Release|Any CPU.Deploy.0 = Release|Any CPU
		{5E9C9117-94F0-4A9C-8B51-B937049D8695}.Release|ARM.ActiveCfg = Release|Any CPU
		{5E9C9117-94F0-4A9C-8B51-B937049D8695}.Release|ARM.Build.0 = Release|Any CPU
		{5E9C9117-94F0-4A9C-8B51-B937049D8695}.Release|ARM.Deploy.0 = Release|Any CPU
		{5E9C9117-94F0-4A9C-8B51-B937049D8695}.Release|iPhone.ActiveCfg = Release|Any CPU
		{5E9C9117-94F0-4A9C-8B51-B937049D8695}.Release|iPhone.Build.0 = Release|Any CPU
		{5E9C9117-94F0-4A9C-8B51-B937049D8695}.Release|iPhone.Deploy.0 = Release|Any CPU
		{5E9C9117-94F0-4A9C-8B51-B937049D8695}.Release|iPhoneSimulator.ActiveCfg = Release|Any CPU
		{5E9C9117-94F0-4A9C-8B51-B937049D8695}.Release|iPhoneSimulator.Build.0 = Release|Any CPU
		{5E9C9117-94F0-4A9C-8B51-B937049D8695}.Release|iPhoneSimulator.Deploy.0 = Release|Any CPU
		{5E9C9117-94F0-4A9C-8B51-B937049D8695}.Release|x64.ActiveCfg = Release|Any CPU
		{5E9C9117-94F0-4A9C-8B51-B937049D8695}.Release|x64.Build.0 = Release|Any CPU
		{5E9C9117-94F0-4A9C-8B51-B937049D8695}.Release|x64.Deploy.0 = Release|Any CPU
		{5E9C9117-94F0-4A9C-8B51-B937049D8695}.Release|x86.ActiveCfg = Release|Any CPU
		{5E9C9117-94F0-4A9C-8B51-B937049D8695}.Release|x86.Build.0 = Release|Any CPU
		{5E9C9117-94F0-4A9C-8B51-B937049D8695}.Release|x86.Deploy.0 = Release|Any CPU
	EndGlobalSection
	GlobalSection(SolutionProperties) = preSolution
		HideSolutionNode = FALSE
	EndGlobalSection
	GlobalSection(ExtensibilityGlobals) = postSolution
		SolutionGuid = {75242EF8-B57F-498C-84F5-E75B3D2D9984}
	EndGlobalSection
EndGlobal
